
Microsoft Visual Studio Solution File, Format Version 12.00
# Visual Studio 2013
VisualStudioVersion = 12.0.31101.0
MinimumVisualStudioVersion = 10.0.40219.1
Project("{FAE04EC0-301F-11D3-BF4B-00C04F79EFBC}") = "CSharpDay4UnitTests", "CSharpDay4UnitTests\CSharpDay4UnitTests.csproj", "{CC044625-C5A3-4527-9317-F530D9A596A8}"
EndProject
Project("{FAE04EC0-301F-11D3-BF4B-00C04F79EFBC}") = "CSharpDay4UnitTests.Tests", "CSharpDay4UnitTests.Tests\CSharpDay4UnitTests.Tests.csproj", "{037E1B6B-9633-49EA-807D-59A741659FD3}"
EndProject
Global
	GlobalSection(SolutionConfigurationPlatforms) = preSolution
		Debug|Any CPU = Debug|Any CPU
		Release|Any CPU = Release|Any CPU
	EndGlobalSection
	GlobalSection(ProjectConfigurationPlatforms) = postSolution
		{CC044625-C5A3-4527-9317-F530D9A596A8}.Debug|Any CPU.ActiveCfg = Debug|Any CPU
		{CC044625-C5A3-4527-9317-F530D9A596A8}.Debug|Any CPU.Build.0 = Debug|Any CPU
		{CC044625-C5A3-4527-9317-F530D9A596A8}.Release|Any CPU.ActiveCfg = Release|Any CPU
		{CC044625-C5A3-4527-9317-F530D9A596A8}.Release|Any CPU.Build.0 = Release|Any CPU
		{037E1B6B-9633-49EA-807D-59A741659FD3}.Debug|Any CPU.ActiveCfg = Debug|Any CPU
		{037E1B6B-9633-49EA-807D-59A741659FD3}.Debug|Any CPU.Build.0 = Debug|Any CPU
		{037E1B6B-9633-49EA-807D-59A741659FD3}.Release|Any CPU.ActiveCfg = Release|Any CPU
		{037E1B6B-9633-49EA-807D-59A741659FD3}.Release|Any CPU.Build.0 = Release|Any CPU
	EndGlobalSection
	GlobalSection(SolutionProperties) = preSolution
		HideSolutionNode = FALSE
	EndGlobalSection
EndGlobal
