
Microsoft Visual Studio Solution File, Format Version 12.00
# Visual Studio 2013
VisualStudioVersion = 12.0.31101.0
MinimumVisualStudioVersion = 10.0.40219.1
Project("{FAE04EC0-301F-11D3-BF4B-00C04F79EFBC}") = "CSharpDay3", "CSharpDay3\CSharpDay3.csproj", "{529A64DB-5DFC-4F53-9CFE-31454E649C16}"
EndProject
Global
	GlobalSection(SolutionConfigurationPlatforms) = preSolution
		Debug|Any CPU = Debug|Any CPU
		Release|Any CPU = Release|Any CPU
	EndGlobalSection
	GlobalSection(ProjectConfigurationPlatforms) = postSolution
		{529A64DB-5DFC-4F53-9CFE-31454E649C16}.Debug|Any CPU.ActiveCfg = Debug|Any CPU
		{529A64DB-5DFC-4F53-9CFE-31454E649C16}.Debug|Any CPU.Build.0 = Debug|Any CPU
		{529A64DB-5DFC-4F53-9CFE-31454E649C16}.Release|Any CPU.ActiveCfg = Release|Any CPU
		{529A64DB-5DFC-4F53-9CFE-31454E649C16}.Release|Any CPU.Build.0 = Release|Any CPU
	EndGlobalSection
	GlobalSection(SolutionProperties) = preSolution
		HideSolutionNode = FALSE
	EndGlobalSection
EndGlobal
