
Microsoft Visual Studio Solution File, Format Version 12.00
# Visual Studio 2013
VisualStudioVersion = 12.0.31101.0
MinimumVisualStudioVersion = 10.0.40219.1
Project("{FAE04EC0-301F-11D3-BF4B-00C04F79EFBC}") = "LookupDictionary", "LookupDictionary\LookupDictionary.csproj", "{8B42DD4B-6284-4881-BD47-F32F85D9FBF0}"
EndProject
Global
	GlobalSection(SolutionConfigurationPlatforms) = preSolution
		Debug|Any CPU = Debug|Any CPU
		Release|Any CPU = Release|Any CPU
	EndGlobalSection
	GlobalSection(ProjectConfigurationPlatforms) = postSolution
		{8B42DD4B-6284-4881-BD47-F32F85D9FBF0}.Debug|Any CPU.ActiveCfg = Debug|Any CPU
		{8B42DD4B-6284-4881-BD47-F32F85D9FBF0}.Debug|Any CPU.Build.0 = Debug|Any CPU
		{8B42DD4B-6284-4881-BD47-F32F85D9FBF0}.Release|Any CPU.ActiveCfg = Release|Any CPU
		{8B42DD4B-6284-4881-BD47-F32F85D9FBF0}.Release|Any CPU.Build.0 = Release|Any CPU
	EndGlobalSection
	GlobalSection(SolutionProperties) = preSolution
		HideSolutionNode = FALSE
	EndGlobalSection
EndGlobal
