
Microsoft Visual Studio Solution File, Format Version 12.00
# Visual Studio 2013
VisualStudioVersion = 12.0.31101.0
MinimumVisualStudioVersion = 10.0.40219.1
Project("{FAE04EC0-301F-11D3-BF4B-00C04F79EFBC}") = "ASPNetDay4MoviesDB", "ASPNetDay4MoviesDB\ASPNetDay4MoviesDB.csproj", "{BEA355C1-6899-408F-A592-B2037C09634B}"
EndProject
Project("{FAE04EC0-301F-11D3-BF4B-00C04F79EFBC}") = "ASPNetDay4MoviesDB.Tests", "ASPNetDay4MoviesDB.Tests\ASPNetDay4MoviesDB.Tests.csproj", "{808F53D3-0EC1-47C1-B89D-0058B1DE83D2}"
EndProject
Global
	GlobalSection(SolutionConfigurationPlatforms) = preSolution
		Debug|Any CPU = Debug|Any CPU
		Release|Any CPU = Release|Any CPU
	EndGlobalSection
	GlobalSection(ProjectConfigurationPlatforms) = postSolution
		{BEA355C1-6899-408F-A592-B2037C09634B}.Debug|Any CPU.ActiveCfg = Debug|Any CPU
		{BEA355C1-6899-408F-A592-B2037C09634B}.Debug|Any CPU.Build.0 = Debug|Any CPU
		{BEA355C1-6899-408F-A592-B2037C09634B}.Release|Any CPU.ActiveCfg = Release|Any CPU
		{BEA355C1-6899-408F-A592-B2037C09634B}.Release|Any CPU.Build.0 = Release|Any CPU
		{808F53D3-0EC1-47C1-B89D-0058B1DE83D2}.Debug|Any CPU.ActiveCfg = Debug|Any CPU
		{808F53D3-0EC1-47C1-B89D-0058B1DE83D2}.Debug|Any CPU.Build.0 = Debug|Any CPU
		{808F53D3-0EC1-47C1-B89D-0058B1DE83D2}.Release|Any CPU.ActiveCfg = Release|Any CPU
		{808F53D3-0EC1-47C1-B89D-0058B1DE83D2}.Release|Any CPU.Build.0 = Release|Any CPU
	EndGlobalSection
	GlobalSection(SolutionProperties) = preSolution
		HideSolutionNode = FALSE
	EndGlobalSection
EndGlobal
